
Microsoft Visual Studio Solution File, Format Version 12.00
# Visual Studio Version 17
VisualStudioVersion = 17.14.36408.4 d17.14
MinimumVisualStudioVersion = 10.0.40219.1
Project("{FAE04EC0-301F-11D3-BF4B-00C04F79EFBC}") = "Day 02 G02", "Day 02 G02\Day 02 G02.csproj", "{4C4FB854-9A11-4282-933F-760F62A40E69}"
EndProject
Global
	GlobalSection(SolutionConfigurationPlatforms) = preSolution
		Debug|Any CPU = Debug|Any CPU
		Release|Any CPU = Release|Any CPU
	EndGlobalSection
	GlobalSection(ProjectConfigurationPlatforms) = postSolution
		{4C4FB854-9A11-4282-933F-760F62A40E69}.Debug|Any CPU.ActiveCfg = Debug|Any CPU
		{4C4FB854-9A11-4282-933F-760F62A40E69}.Debug|Any CPU.Build.0 = Debug|Any CPU
		{4C4FB854-9A11-4282-933F-760F62A40E69}.Release|Any CPU.ActiveCfg = Release|Any CPU
		{4C4FB854-9A11-4282-933F-760F62A40E69}.Release|Any CPU.Build.0 = Release|Any CPU
	EndGlobalSection
	GlobalSection(SolutionProperties) = preSolution
		HideSolutionNode = FALSE
	EndGlobalSection
	GlobalSection(ExtensibilityGlobals) = postSolution
		SolutionGuid = {A6E7512D-7325-4452-B400-CD1E95433F94}
	EndGlobalSection
EndGlobal
